// !$*UTF8*$!
{
	archiveVersion = 1;
	classes = {
	};
	objectVersion = 77;
	objects = {

/* Begin PBXBuildFile section */
		7314AD812D01A55900770009 /* OrderListViewCell.swift in Sources */ = {isa = PBXBuildFile; fileRef = 7314AD802D01A55900770009 /* OrderListViewCell.swift */; };
		7320D2D52D13AB63006FD1F9 /* OpenTicketViewController.swift in Sources */ = {isa = PBXBuildFile; fileRef = 7320D2D42D13AB63006FD1F9 /* OpenTicketViewController.swift */; };
		7320D2D72D13C4D3006FD1F9 /* OpenTicketView.swift in Sources */ = {isa = PBXBuildFile; fileRef = 7320D2D62D13C4D3006FD1F9 /* OpenTicketView.swift */; };
		7325A7A32CFEE58D0043C196 /* AppDelegate.swift in Sources */ = {isa = PBXBuildFile; fileRef = 7325A79D2CFEE58D0043C196 /* AppDelegate.swift */; };
		7325A7A42CFEE58D0043C196 /* Assets.xcassets in Resources */ = {isa = PBXBuildFile; fileRef = 7325A79E2CFEE58D0043C196 /* Assets.xcassets */; };
		7325A7B42CFEE9520043C196 /* RequestManager.swift in Sources */ = {isa = PBXBuildFile; fileRef = 7325A7B32CFEE9520043C196 /* RequestManager.swift */; };
		7325A7B62CFEECDD0043C196 /* WDBaseViewController.swift in Sources */ = {isa = PBXBuildFile; fileRef = 7325A7B52CFEECDD0043C196 /* WDBaseViewController.swift */; };
		7325A7B82CFEECF00043C196 /* WDNavigationController.swift in Sources */ = {isa = PBXBuildFile; fileRef = 7325A7B72CFEECF00043C196 /* WDNavigationController.swift */; };
		7325A7BA2CFEED0F0043C196 /* WDTabBarController.swift in Sources */ = {isa = PBXBuildFile; fileRef = 7325A7B92CFEED0F0043C196 /* WDTabBarController.swift */; };
		7325A7BD2CFEEE060043C196 /* Pods_问道云.framework in Embed Frameworks */ = {isa = PBXBuildFile; fileRef = 7325A7BB2CFEEE060043C196 /* Pods_问道云.framework */; settings = {ATTRIBUTES = (CodeSignOnCopy, RemoveHeadersOnCopy, ); }; };
		7325A7C02CFEEE5F0043C196 /* WDHomeViewController.swift in Sources */ = {isa = PBXBuildFile; fileRef = 7325A7BF2CFEEE5F0043C196 /* WDHomeViewController.swift */; };
		7325A7C22CFEEE6E0043C196 /* WDRiskViewController.swift in Sources */ = {isa = PBXBuildFile; fileRef = 7325A7C12CFEEE6E0043C196 /* WDRiskViewController.swift */; };
		7325A7C42CFEEE8B0043C196 /* WDDiligenceViewController.swift in Sources */ = {isa = PBXBuildFile; fileRef = 7325A7C32CFEEE8B0043C196 /* WDDiligenceViewController.swift */; };
		7325A7C62CFEEE9A0043C196 /* WDCenterViewController.swift in Sources */ = {isa = PBXBuildFile; fileRef = 7325A7C52CFEEE9A0043C196 /* WDCenterViewController.swift */; };
		7325A7C82CFEEF7B0043C196 /* Config.swift in Sources */ = {isa = PBXBuildFile; fileRef = 7325A7C72CFEEF780043C196 /* Config.swift */; };
		7325A7CB2CFEF2E70043C196 /* WDLoginViewController.swift in Sources */ = {isa = PBXBuildFile; fileRef = 7325A7CA2CFEF2E70043C196 /* WDLoginViewController.swift */; };
		7325A7CD2CFEFA130043C196 /* APIUrl.swift in Sources */ = {isa = PBXBuildFile; fileRef = 7325A7CC2CFEFA0B0043C196 /* APIUrl.swift */; };
		7325A7CF2CFEFA510043C196 /* WDLoginConfig.swift in Sources */ = {isa = PBXBuildFile; fileRef = 7325A7CE2CFEFA510043C196 /* WDLoginConfig.swift */; };
		7325A7D12CFEFBE60043C196 /* WDYModel.swift in Sources */ = {isa = PBXBuildFile; fileRef = 7325A7D02CFEFBDE0043C196 /* WDYModel.swift */; };
		7325A7D52CFEFCC40043C196 /* LoginView.swift in Sources */ = {isa = PBXBuildFile; fileRef = 7325A7D42CFEFCC40043C196 /* LoginView.swift */; };
		7325A7D82CFF075B0043C196 /* BaseView.swift in Sources */ = {isa = PBXBuildFile; fileRef = 7325A7D72CFF075B0043C196 /* BaseView.swift */; };
		7325A7DA2CFF0BE10043C196 /* CodeView.swift in Sources */ = {isa = PBXBuildFile; fileRef = 7325A7D92CFF0BE10043C196 /* CodeView.swift */; };
		7325A7DC2CFF0DBE0043C196 /* PasswordLoginView.swift in Sources */ = {isa = PBXBuildFile; fileRef = 7325A7DB2CFF0DBE0043C196 /* PasswordLoginView.swift */; };
		7325A7DE2CFF0E6A0043C196 /* PasswordLoginViewController.swift in Sources */ = {isa = PBXBuildFile; fileRef = 7325A7DD2CFF0E6A0043C196 /* PasswordLoginViewController.swift */; };
		7325A7E02CFF14350043C196 /* ForgetPasswordViewController.swift in Sources */ = {isa = PBXBuildFile; fileRef = 7325A7DF2CFF14350043C196 /* ForgetPasswordViewController.swift */; };
		7325A7E22CFF14A90043C196 /* ForgetPasswordView.swift in Sources */ = {isa = PBXBuildFile; fileRef = 7325A7E12CFF14A90043C196 /* ForgetPasswordView.swift */; };
		7325A7E42CFFF8EE0043C196 /* loading.json in Resources */ = {isa = PBXBuildFile; fileRef = 7325A7E32CFFF8EE0043C196 /* loading.json */; };
		7325A7E62D0000040043C196 /* GetCodeViewController.swift in Sources */ = {isa = PBXBuildFile; fileRef = 7325A7E52D0000040043C196 /* GetCodeViewController.swift */; };
		7325A7EE2D0008D10043C196 /* WLUnitFieldTextPosition.m in Sources */ = {isa = PBXBuildFile; fileRef = 7325A7EB2D0008D10043C196 /* WLUnitFieldTextPosition.m */; };
		7325A7EF2D0008D10043C196 /* WLUnitFieldTextRange.m in Sources */ = {isa = PBXBuildFile; fileRef = 7325A7ED2D0008D10043C196 /* WLUnitFieldTextRange.m */; };
		7325A7F02D0008D10043C196 /* WLUnitField.m in Sources */ = {isa = PBXBuildFile; fileRef = 7325A7E92D0008D10043C196 /* WLUnitField.m */; };
		7330CB7E2D23BFF100778D54 /* DonateMembershipViewController.swift in Sources */ = {isa = PBXBuildFile; fileRef = 7330CB7D2D23BFF100778D54 /* DonateMembershipViewController.swift */; };
		7330CB802D23C2A800778D54 /* DonateMembershipView.swift in Sources */ = {isa = PBXBuildFile; fileRef = 7330CB7F2D23C2A800778D54 /* DonateMembershipView.swift */; };
		7330CB822D23E65900778D54 /* ContactManager.swift in Sources */ = {isa = PBXBuildFile; fileRef = 7330CB812D23E65900778D54 /* ContactManager.swift */; };
		7335F6E62D0AD8620074985F /* MyDownloadViewController.swift in Sources */ = {isa = PBXBuildFile; fileRef = 7335F6E52D0AD8620074985F /* MyDownloadViewController.swift */; };
		7335F6EA2D0ADA050074985F /* MyDownloadSearchView.swift in Sources */ = {isa = PBXBuildFile; fileRef = 7335F6E92D0ADA050074985F /* MyDownloadSearchView.swift */; };
		7335F6EC2D0ADA620074985F /* MyDownloadView.swift in Sources */ = {isa = PBXBuildFile; fileRef = 7335F6EB2D0ADA620074985F /* MyDownloadView.swift */; };
		7335F6EE2D0AE24E0074985F /* MyDownloadViewNormalCell.swift in Sources */ = {isa = PBXBuildFile; fileRef = 7335F6ED2D0AE24E0074985F /* MyDownloadViewNormalCell.swift */; };
		7335F6F02D0AE25D0074985F /* MyDownloadViewEditCell.swift in Sources */ = {isa = PBXBuildFile; fileRef = 7335F6EF2D0AE25D0074985F /* MyDownloadViewEditCell.swift */; };
		7335F6F22D0AF0170074985F /* MoreBtnPopView.swift in Sources */ = {isa = PBXBuildFile; fileRef = 7335F6F12D0AF0150074985F /* MoreBtnPopView.swift */; };
		73460D112D150DD400EC9408 /* DeleteAccountViewController.swift in Sources */ = {isa = PBXBuildFile; fileRef = 73460D102D150DD400EC9408 /* DeleteAccountViewController.swift */; };
		73460D132D15162500EC9408 /* DeleteSureViewController.swift in Sources */ = {isa = PBXBuildFile; fileRef = 73460D122D15162500EC9408 /* DeleteSureViewController.swift */; };
		736A40D92D223AEB0065FD9D /* StoreKit.framework in Frameworks */ = {isa = PBXBuildFile; fileRef = 736A40D82D223AEB0065FD9D /* StoreKit.framework */; };
		736E977F2D22A61E009CC0DF /* DYFStoreReceiptVerifier.swift in Sources */ = {isa = PBXBuildFile; fileRef = 736E97782D22A61E009CC0DF /* DYFStoreReceiptVerifier.swift */; };
		736E97802D22A61E009CC0DF /* SKExtensions.swift in Sources */ = {isa = PBXBuildFile; fileRef = 736E97792D22A61E009CC0DF /* SKExtensions.swift */; };
		736E97812D22A61E009CC0DF /* SKIndefiniteAnimatedSpinner.swift in Sources */ = {isa = PBXBuildFile; fileRef = 736E977B2D22A61E009CC0DF /* SKIndefiniteAnimatedSpinner.swift */; };
		736E97822D22A61E009CC0DF /* SKLoadingView.swift in Sources */ = {isa = PBXBuildFile; fileRef = 736E977C2D22A61E009CC0DF /* SKLoadingView.swift */; };
		736E97832D22A61E009CC0DF /* SKIAPManager.swift in Sources */ = {isa = PBXBuildFile; fileRef = 736E977A2D22A61E009CC0DF /* SKIAPManager.swift */; };
		736E97852D22A7A0009CC0DF /* ApplePayConfig.swift in Sources */ = {isa = PBXBuildFile; fileRef = 736E97842D22A792009CC0DF /* ApplePayConfig.swift */; };
		7374162B2D0EB7B900E6CD23 /* BrowsingHistoryViewController.swift in Sources */ = {isa = PBXBuildFile; fileRef = 7374162A2D0EB7B900E6CD23 /* BrowsingHistoryViewController.swift */; };
		7374162D2D0EB87F00E6CD23 /* FocusAllViewController.swift in Sources */ = {isa = PBXBuildFile; fileRef = 7374162C2D0EB87F00E6CD23 /* FocusAllViewController.swift */; };
		7374162F2D0EB9E400E6CD23 /* HistoryView.swift in Sources */ = {isa = PBXBuildFile; fileRef = 7374162E2D0EB9E400E6CD23 /* HistoryView.swift */; };
		737416342D0EBCB000E6CD23 /* ContactUsViewController.swift in Sources */ = {isa = PBXBuildFile; fileRef = 737416332D0EBCB000E6CD23 /* ContactUsViewController.swift */; };
		737416362D0EC37400E6CD23 /* MembershipCenterViewController.swift in Sources */ = {isa = PBXBuildFile; fileRef = 737416352D0EC37400E6CD23 /* MembershipCenterViewController.swift */; };
		737416382D0EC54500E6CD23 /* MembershipCenterView.swift in Sources */ = {isa = PBXBuildFile; fileRef = 737416372D0EC54500E6CD23 /* MembershipCenterView.swift */; };
		7374163A2D0ED72600E6CD23 /* WechatPushViewController.swift in Sources */ = {isa = PBXBuildFile; fileRef = 737416392D0ED72600E6CD23 /* WechatPushViewController.swift */; };
		7374163C2D0EDC3000E6CD23 /* InvoiceListViewController.swift in Sources */ = {isa = PBXBuildFile; fileRef = 7374163B2D0EDC3000E6CD23 /* InvoiceListViewController.swift */; };
		7374163E2D0FC4B300E6CD23 /* InviteFriendViewController.swift in Sources */ = {isa = PBXBuildFile; fileRef = 7374163D2D0FC4B300E6CD23 /* InviteFriendViewController.swift */; };
		737416422D0FD0D000E6CD23 /* InvoiceListView.swift in Sources */ = {isa = PBXBuildFile; fileRef = 737416412D0FD0D000E6CD23 /* InvoiceListView.swift */; };
		737416442D0FD74F00E6CD23 /* AddInvoiceViewController.swift in Sources */ = {isa = PBXBuildFile; fileRef = 737416432D0FD74F00E6CD23 /* AddInvoiceViewController.swift */; };
		737416462D0FD79C00E6CD23 /* AddInvoiceView.swift in Sources */ = {isa = PBXBuildFile; fileRef = 737416452D0FD79C00E6CD23 /* AddInvoiceView.swift */; };
		737416482D0FD94B00E6CD23 /* AddInvoiceViewCell.swift in Sources */ = {isa = PBXBuildFile; fileRef = 737416472D0FD94B00E6CD23 /* AddInvoiceViewCell.swift */; };
		7374164E2D100BB200E6CD23 /* SearchInvoiceCell.swift in Sources */ = {isa = PBXBuildFile; fileRef = 7374164D2D100BB200E6CD23 /* SearchInvoiceCell.swift */; };
		73A21DDF2D0C01C400FC4C49 /* SettingViewController.swift in Sources */ = {isa = PBXBuildFile; fileRef = 73A21DDE2D0C01C400FC4C49 /* SettingViewController.swift */; };
		73A21DE12D0C06E700FC4C49 /* SettingView.swift in Sources */ = {isa = PBXBuildFile; fileRef = 73A21DE02D0C06E700FC4C49 /* SettingView.swift */; };
		73A21DE32D0C1C8000FC4C49 /* AboutUsViewController.swift in Sources */ = {isa = PBXBuildFile; fileRef = 73A21DE22D0C1C8000FC4C49 /* AboutUsViewController.swift */; };
		73A21DEA2D0C2F2B00FC4C49 /* RiskView.swift in Sources */ = {isa = PBXBuildFile; fileRef = 73A21DE92D0C2F2B00FC4C49 /* RiskView.swift */; };
		73A21DEE2D0C32A600FC4C49 /* DiligenceView.swift in Sources */ = {isa = PBXBuildFile; fileRef = 73A21DED2D0C32A600FC4C49 /* DiligenceView.swift */; };
		73A21DF02D0C39BF00FC4C49 /* DiligenceListViewController.swift in Sources */ = {isa = PBXBuildFile; fileRef = 73A21DEF2D0C39BF00FC4C49 /* DiligenceListViewController.swift */; };
		73A21DF22D0C39E000FC4C49 /* RiskListViewController.swift in Sources */ = {isa = PBXBuildFile; fileRef = 73A21DF12D0C39E000FC4C49 /* RiskListViewController.swift */; };
		73A21DF42D0C403000FC4C49 /* AccountManagerViewController.swift in Sources */ = {isa = PBXBuildFile; fileRef = 73A21DF32D0C403000FC4C49 /* AccountManagerViewController.swift */; };
		73A21DF62D0C422D00FC4C49 /* SettingPasswordViewController.swift in Sources */ = {isa = PBXBuildFile; fileRef = 73A21DF52D0C422D00FC4C49 /* SettingPasswordViewController.swift */; };
		73A21DF82D0C4F7800FC4C49 /* SettingAuthorityViewController.swift in Sources */ = {isa = PBXBuildFile; fileRef = 73A21DF72D0C4F7800FC4C49 /* SettingAuthorityViewController.swift */; };
		73BDABA22D1E973200D93691 /* MembershipListViewController.swift in Sources */ = {isa = PBXBuildFile; fileRef = 73BDABA12D1E973200D93691 /* MembershipListViewController.swift */; };
		73BDABA42D1EA73100D93691 /* MembershipListView.swift in Sources */ = {isa = PBXBuildFile; fileRef = 73BDABA32D1EA73100D93691 /* MembershipListView.swift */; };
		73C752322D18F44F00C47187 /* FocusPeopleViewController.swift in Sources */ = {isa = PBXBuildFile; fileRef = 73C752312D18F44F00C47187 /* FocusPeopleViewController.swift */; };
		73C752362D19451400C47187 /* FocusCompanyView.swift in Sources */ = {isa = PBXBuildFile; fileRef = 73C752352D19451400C47187 /* FocusCompanyView.swift */; };
		73C752482D1CF72F00C47187 /* FocusCompanyViewNormalCell.swift in Sources */ = {isa = PBXBuildFile; fileRef = 73C752472D1CF72F00C47187 /* FocusCompanyViewNormalCell.swift */; };
		73C7524A2D1D2BD200C47187 /* FocusCompanyEditViewCell.swift in Sources */ = {isa = PBXBuildFile; fileRef = 73C752492D1D2BD200C47187 /* FocusCompanyEditViewCell.swift */; };
		73C7524C2D1D555400C47187 /* FocusCompanyPopGroupView.swift in Sources */ = {isa = PBXBuildFile; fileRef = 73C7524B2D1D555400C47187 /* FocusCompanyPopGroupView.swift */; };
		73C7524E2D1D5A3100C47187 /* FocusSearchViewController.swift in Sources */ = {isa = PBXBuildFile; fileRef = 73C7524D2D1D5A3100C47187 /* FocusSearchViewController.swift */; };
		73C752542D1E4B5800C47187 /* HistoryListViewController.swift in Sources */ = {isa = PBXBuildFile; fileRef = 73C752532D1E4B5800C47187 /* HistoryListViewController.swift */; };
		73C752562D1E4DA000C47187 /* HistoryListView.swift in Sources */ = {isa = PBXBuildFile; fileRef = 73C752552D1E4DA000C47187 /* HistoryListView.swift */; };
		73C752582D1E728500C47187 /* HistoryListViewCell.swift in Sources */ = {isa = PBXBuildFile; fileRef = 73C752572D1E728500C47187 /* HistoryListViewCell.swift */; };
		73CFEB922D00570400B2FE1B /* WebPageViewController.swift in Sources */ = {isa = PBXBuildFile; fileRef = 73CFEB912D00570400B2FE1B /* WebPageViewController.swift */; };
		73CFEB962D01415C00B2FE1B /* UserCenterView.swift in Sources */ = {isa = PBXBuildFile; fileRef = 73CFEB952D01415C00B2FE1B /* UserCenterView.swift */; };
		73CFEB982D01887600B2FE1B /* UserCenterItemCell.swift in Sources */ = {isa = PBXBuildFile; fileRef = 73CFEB972D01887600B2FE1B /* UserCenterItemCell.swift */; };
		73CFEB9A2D01955300B2FE1B /* UserAllOrderSController.swift in Sources */ = {isa = PBXBuildFile; fileRef = 73CFEB992D01955300B2FE1B /* UserAllOrderSController.swift */; };
		73CFEB9C2D01996900B2FE1B /* UserAllOrderView.swift in Sources */ = {isa = PBXBuildFile; fileRef = 73CFEB9B2D01996900B2FE1B /* UserAllOrderView.swift */; };
		73D50B872D16ACEC00EF081A /* FocusCompanyViewController.swift in Sources */ = {isa = PBXBuildFile; fileRef = 73D50B862D16ACEC00EF081A /* FocusCompanyViewController.swift */; };
		73E306D22D154E9E00D18943 /* Launch Screen.storyboard in Resources */ = {isa = PBXBuildFile; fileRef = 73E306D12D154E9D00D18943 /* Launch Screen.storyboard */; };
		73E306DF2D156C0800D18943 /* MyQRCodeView.swift in Sources */ = {isa = PBXBuildFile; fileRef = 73E306DE2D156C0800D18943 /* MyQRCodeView.swift */; };
		73E56BE12D1274630015BF34 /* TwoTicketView.swift in Sources */ = {isa = PBXBuildFile; fileRef = 73E56BE02D1274630015BF34 /* TwoTicketView.swift */; };
		73EEE7B72D0BC08500001E22 /* TimeDownView.swift in Sources */ = {isa = PBXBuildFile; fileRef = 73EEE7B62D0BC08500001E22 /* TimeDownView.swift */; };
		73F604682D116F1A0061D5D3 /* MyTicketViewController.swift in Sources */ = {isa = PBXBuildFile; fileRef = 73F604672D116F1A0061D5D3 /* MyTicketViewController.swift */; };
		73F6046A2D1171280061D5D3 /* MyTicketView.swift in Sources */ = {isa = PBXBuildFile; fileRef = 73F604692D1171280061D5D3 /* MyTicketView.swift */; };
		73F6046C2D1172AD0061D5D3 /* OneTicketViewController.swift in Sources */ = {isa = PBXBuildFile; fileRef = 73F6046B2D1172AD0061D5D3 /* OneTicketViewController.swift */; };
		73F6046E2D1172B90061D5D3 /* TwoTicketViewController.swift in Sources */ = {isa = PBXBuildFile; fileRef = 73F6046D2D1172B90061D5D3 /* TwoTicketViewController.swift */; };
		73F604702D117F9C0061D5D3 /* OneTicketView.swift in Sources */ = {isa = PBXBuildFile; fileRef = 73F6046F2D117F9C0061D5D3 /* OneTicketView.swift */; };
/* End PBXBuildFile section */

/* Begin PBXCopyFilesBuildPhase section */
		7325A7BE2CFEEE060043C196 /* Embed Frameworks */ = {
			isa = PBXCopyFilesBuildPhase;
			buildActionMask = 2147483647;
			dstPath = "";
			dstSubfolderSpec = 10;
			files = (
				7325A7BD2CFEEE060043C196 /* Pods_问道云.framework in Embed Frameworks */,
			);
			name = "Embed Frameworks";
			runOnlyForDeploymentPostprocessing = 0;
		};
/* End PBXCopyFilesBuildPhase section */

/* Begin PBXFileReference section */
		68995903FB3663C128436F79 /* Pods____.framework */ = {isa = PBXFileReference; explicitFileType = wrapper.framework; includeInIndex = 0; path = "Pods____.framework"; sourceTree = BUILT_PRODUCTS_DIR; };
		7314AD802D01A55900770009 /* OrderListViewCell.swift */ = {isa = PBXFileReference; lastKnownFileType = sourcecode.swift; path = OrderListViewCell.swift; sourceTree = "<group>"; };
		7320D2D42D13AB63006FD1F9 /* OpenTicketViewController.swift */ = {isa = PBXFileReference; lastKnownFileType = sourcecode.swift; path = OpenTicketViewController.swift; sourceTree = "<group>"; };
		7320D2D62D13C4D3006FD1F9 /* OpenTicketView.swift */ = {isa = PBXFileReference; lastKnownFileType = sourcecode.swift; path = OpenTicketView.swift; sourceTree = "<group>"; };
		7325A7812CFEE5240043C196 /* 问道云.app */ = {isa = PBXFileReference; explicitFileType = wrapper.application; includeInIndex = 0; path = "问道云.app"; sourceTree = BUILT_PRODUCTS_DIR; };
		7325A79D2CFEE58D0043C196 /* AppDelegate.swift */ = {isa = PBXFileReference; lastKnownFileType = sourcecode.swift; path = AppDelegate.swift; sourceTree = "<group>"; };
		7325A79E2CFEE58D0043C196 /* Assets.xcassets */ = {isa = PBXFileReference; lastKnownFileType = folder.assetcatalog; path = Assets.xcassets; sourceTree = "<group>"; };
		7325A79F2CFEE58D0043C196 /* Info.plist */ = {isa = PBXFileReference; lastKnownFileType = text.plist.xml; path = Info.plist; sourceTree = "<group>"; };
		7325A7B32CFEE9520043C196 /* RequestManager.swift */ = {isa = PBXFileReference; lastKnownFileType = sourcecode.swift; path = RequestManager.swift; sourceTree = "<group>"; };
		7325A7B52CFEECDD0043C196 /* WDBaseViewController.swift */ = {isa = PBXFileReference; lastKnownFileType = sourcecode.swift; path = WDBaseViewController.swift; sourceTree = "<group>"; };
		7325A7B72CFEECF00043C196 /* WDNavigationController.swift */ = {isa = PBXFileReference; lastKnownFileType = sourcecode.swift; path = WDNavigationController.swift; sourceTree = "<group>"; };
		7325A7B92CFEED0F0043C196 /* WDTabBarController.swift */ = {isa = PBXFileReference; lastKnownFileType = sourcecode.swift; path = WDTabBarController.swift; sourceTree = "<group>"; };
		7325A7BB2CFEEE060043C196 /* Pods_问道云.framework */ = {isa = PBXFileReference; explicitFileType = wrapper.framework; path = "Pods_问道云.framework"; sourceTree = BUILT_PRODUCTS_DIR; };
		7325A7BF2CFEEE5F0043C196 /* WDHomeViewController.swift */ = {isa = PBXFileReference; lastKnownFileType = sourcecode.swift; path = WDHomeViewController.swift; sourceTree = "<group>"; };
		7325A7C12CFEEE6E0043C196 /* WDRiskViewController.swift */ = {isa = PBXFileReference; lastKnownFileType = sourcecode.swift; path = WDRiskViewController.swift; sourceTree = "<group>"; };
		7325A7C32CFEEE8B0043C196 /* WDDiligenceViewController.swift */ = {isa = PBXFileReference; lastKnownFileType = sourcecode.swift; path = WDDiligenceViewController.swift; sourceTree = "<group>"; };
		7325A7C52CFEEE9A0043C196 /* WDCenterViewController.swift */ = {isa = PBXFileReference; lastKnownFileType = sourcecode.swift; path = WDCenterViewController.swift; sourceTree = "<group>"; };
		7325A7C72CFEEF780043C196 /* Config.swift */ = {isa = PBXFileReference; lastKnownFileType = sourcecode.swift; path = Config.swift; sourceTree = "<group>"; };
		7325A7CA2CFEF2E70043C196 /* WDLoginViewController.swift */ = {isa = PBXFileReference; lastKnownFileType = sourcecode.swift; path = WDLoginViewController.swift; sourceTree = "<group>"; };
		7325A7CC2CFEFA0B0043C196 /* APIUrl.swift */ = {isa = PBXFileReference; lastKnownFileType = sourcecode.swift; path = APIUrl.swift; sourceTree = "<group>"; };
		7325A7CE2CFEFA510043C196 /* WDLoginConfig.swift */ = {isa = PBXFileReference; lastKnownFileType = sourcecode.swift; path = WDLoginConfig.swift; sourceTree = "<group>"; };
		7325A7D02CFEFBDE0043C196 /* WDYModel.swift */ = {isa = PBXFileReference; lastKnownFileType = sourcecode.swift; path = WDYModel.swift; sourceTree = "<group>"; };
		7325A7D42CFEFCC40043C196 /* LoginView.swift */ = {isa = PBXFileReference; lastKnownFileType = sourcecode.swift; path = LoginView.swift; sourceTree = "<group>"; };
		7325A7D72CFF075B0043C196 /* BaseView.swift */ = {isa = PBXFileReference; lastKnownFileType = sourcecode.swift; path = BaseView.swift; sourceTree = "<group>"; };
		7325A7D92CFF0BE10043C196 /* CodeView.swift */ = {isa = PBXFileReference; lastKnownFileType = sourcecode.swift; path = CodeView.swift; sourceTree = "<group>"; };
		7325A7DB2CFF0DBE0043C196 /* PasswordLoginView.swift */ = {isa = PBXFileReference; lastKnownFileType = sourcecode.swift; path = PasswordLoginView.swift; sourceTree = "<group>"; };
		7325A7DD2CFF0E6A0043C196 /* PasswordLoginViewController.swift */ = {isa = PBXFileReference; lastKnownFileType = sourcecode.swift; path = PasswordLoginViewController.swift; sourceTree = "<group>"; };
		7325A7DF2CFF14350043C196 /* ForgetPasswordViewController.swift */ = {isa = PBXFileReference; lastKnownFileType = sourcecode.swift; path = ForgetPasswordViewController.swift; sourceTree = "<group>"; };
		7325A7E12CFF14A90043C196 /* ForgetPasswordView.swift */ = {isa = PBXFileReference; lastKnownFileType = sourcecode.swift; path = ForgetPasswordView.swift; sourceTree = "<group>"; };
		7325A7E32CFFF8EE0043C196 /* loading.json */ = {isa = PBXFileReference; lastKnownFileType = text.json; path = loading.json; sourceTree = "<group>"; };
		7325A7E52D0000040043C196 /* GetCodeViewController.swift */ = {isa = PBXFileReference; lastKnownFileType = sourcecode.swift; path = GetCodeViewController.swift; sourceTree = "<group>"; };
		7325A7E82D0008D10043C196 /* WLUnitField.h */ = {isa = PBXFileReference; lastKnownFileType = sourcecode.c.h; path = WLUnitField.h; sourceTree = "<group>"; };
		7325A7E92D0008D10043C196 /* WLUnitField.m */ = {isa = PBXFileReference; lastKnownFileType = sourcecode.c.objc; path = WLUnitField.m; sourceTree = "<group>"; };
		7325A7EA2D0008D10043C196 /* WLUnitFieldTextPosition.h */ = {isa = PBXFileReference; lastKnownFileType = sourcecode.c.h; path = WLUnitFieldTextPosition.h; sourceTree = "<group>"; };
		7325A7EB2D0008D10043C196 /* WLUnitFieldTextPosition.m */ = {isa = PBXFileReference; lastKnownFileType = sourcecode.c.objc; path = WLUnitFieldTextPosition.m; sourceTree = "<group>"; };
		7325A7EC2D0008D10043C196 /* WLUnitFieldTextRange.h */ = {isa = PBXFileReference; lastKnownFileType = sourcecode.c.h; path = WLUnitFieldTextRange.h; sourceTree = "<group>"; };
		7325A7ED2D0008D10043C196 /* WLUnitFieldTextRange.m */ = {isa = PBXFileReference; lastKnownFileType = sourcecode.c.objc; path = WLUnitFieldTextRange.m; sourceTree = "<group>"; };
		7325A7F12D0008D30043C196 /* 问道云-Bridging-Header.h */ = {isa = PBXFileReference; lastKnownFileType = sourcecode.c.h; path = "问道云-Bridging-Header.h"; sourceTree = "<group>"; };
		7330CB7D2D23BFF100778D54 /* DonateMembershipViewController.swift */ = {isa = PBXFileReference; lastKnownFileType = sourcecode.swift; path = DonateMembershipViewController.swift; sourceTree = "<group>"; };
		7330CB7F2D23C2A800778D54 /* DonateMembershipView.swift */ = {isa = PBXFileReference; lastKnownFileType = sourcecode.swift; path = DonateMembershipView.swift; sourceTree = "<group>"; };
		7330CB812D23E65900778D54 /* ContactManager.swift */ = {isa = PBXFileReference; lastKnownFileType = sourcecode.swift; path = ContactManager.swift; sourceTree = "<group>"; };
		7335F6E52D0AD8620074985F /* MyDownloadViewController.swift */ = {isa = PBXFileReference; lastKnownFileType = sourcecode.swift; path = MyDownloadViewController.swift; sourceTree = "<group>"; };
		7335F6E92D0ADA050074985F /* MyDownloadSearchView.swift */ = {isa = PBXFileReference; lastKnownFileType = sourcecode.swift; path = MyDownloadSearchView.swift; sourceTree = "<group>"; };
		7335F6EB2D0ADA620074985F /* MyDownloadView.swift */ = {isa = PBXFileReference; lastKnownFileType = sourcecode.swift; path = MyDownloadView.swift; sourceTree = "<group>"; };
		7335F6ED2D0AE24E0074985F /* MyDownloadViewNormalCell.swift */ = {isa = PBXFileReference; lastKnownFileType = sourcecode.swift; path = MyDownloadViewNormalCell.swift; sourceTree = "<group>"; };
		7335F6EF2D0AE25D0074985F /* MyDownloadViewEditCell.swift */ = {isa = PBXFileReference; lastKnownFileType = sourcecode.swift; path = MyDownloadViewEditCell.swift; sourceTree = "<group>"; };
		7335F6F12D0AF0150074985F /* MoreBtnPopView.swift */ = {isa = PBXFileReference; lastKnownFileType = sourcecode.swift; path = MoreBtnPopView.swift; sourceTree = "<group>"; };
		73460D102D150DD400EC9408 /* DeleteAccountViewController.swift */ = {isa = PBXFileReference; lastKnownFileType = sourcecode.swift; path = DeleteAccountViewController.swift; sourceTree = "<group>"; };
		73460D122D15162500EC9408 /* DeleteSureViewController.swift */ = {isa = PBXFileReference; lastKnownFileType = sourcecode.swift; path = DeleteSureViewController.swift; sourceTree = "<group>"; };
		73460D142D154C6900EC9408 /* WechatOpenSDK.framework */ = {isa = PBXFileReference; explicitFileType = wrapper.framework; path = WechatOpenSDK.framework; sourceTree = BUILT_PRODUCTS_DIR; };
		73460D162D154CB900EC9408 /* CoreGraphics.framework */ = {isa = PBXFileReference; lastKnownFileType = wrapper.framework; name = CoreGraphics.framework; path = System/Library/Frameworks/CoreGraphics.framework; sourceTree = SDKROOT; };
		73460D182D154CC100EC9408 /* Security.framework */ = {isa = PBXFileReference; lastKnownFileType = wrapper.framework; name = Security.framework; path = System/Library/Frameworks/Security.framework; sourceTree = SDKROOT; };
		73460D1A2D154CCB00EC9408 /* WebKit.framework */ = {isa = PBXFileReference; lastKnownFileType = wrapper.framework; name = WebKit.framework; path = System/Library/Frameworks/WebKit.framework; sourceTree = SDKROOT; };
		736A40D82D223AEB0065FD9D /* StoreKit.framework */ = {isa = PBXFileReference; lastKnownFileType = wrapper.framework; name = StoreKit.framework; path = System/Library/Frameworks/StoreKit.framework; sourceTree = SDKROOT; };
		736E97782D22A61E009CC0DF /* DYFStoreReceiptVerifier.swift */ = {isa = PBXFileReference; lastKnownFileType = sourcecode.swift; path = DYFStoreReceiptVerifier.swift; sourceTree = "<group>"; };
		736E97792D22A61E009CC0DF /* SKExtensions.swift */ = {isa = PBXFileReference; lastKnownFileType = sourcecode.swift; path = SKExtensions.swift; sourceTree = "<group>"; };
		736E977A2D22A61E009CC0DF /* SKIAPManager.swift */ = {isa = PBXFileReference; lastKnownFileType = sourcecode.swift; path = SKIAPManager.swift; sourceTree = "<group>"; };
		736E977B2D22A61E009CC0DF /* SKIndefiniteAnimatedSpinner.swift */ = {isa = PBXFileReference; lastKnownFileType = sourcecode.swift; path = SKIndefiniteAnimatedSpinner.swift; sourceTree = "<group>"; };
		736E977C2D22A61E009CC0DF /* SKLoadingView.swift */ = {isa = PBXFileReference; lastKnownFileType = sourcecode.swift; path = SKLoadingView.swift; sourceTree = "<group>"; };
		736E97842D22A792009CC0DF /* ApplePayConfig.swift */ = {isa = PBXFileReference; lastKnownFileType = sourcecode.swift; path = ApplePayConfig.swift; sourceTree = "<group>"; };
		7374162A2D0EB7B900E6CD23 /* BrowsingHistoryViewController.swift */ = {isa = PBXFileReference; lastKnownFileType = sourcecode.swift; path = BrowsingHistoryViewController.swift; sourceTree = "<group>"; };
		7374162C2D0EB87F00E6CD23 /* FocusAllViewController.swift */ = {isa = PBXFileReference; lastKnownFileType = sourcecode.swift; path = FocusAllViewController.swift; sourceTree = "<group>"; };
		7374162E2D0EB9E400E6CD23 /* HistoryView.swift */ = {isa = PBXFileReference; lastKnownFileType = sourcecode.swift; path = HistoryView.swift; sourceTree = "<group>"; };
		737416332D0EBCB000E6CD23 /* ContactUsViewController.swift */ = {isa = PBXFileReference; lastKnownFileType = sourcecode.swift; path = ContactUsViewController.swift; sourceTree = "<group>"; };
		737416352D0EC37400E6CD23 /* MembershipCenterViewController.swift */ = {isa = PBXFileReference; lastKnownFileType = sourcecode.swift; path = MembershipCenterViewController.swift; sourceTree = "<group>"; };
		737416372D0EC54500E6CD23 /* MembershipCenterView.swift */ = {isa = PBXFileReference; lastKnownFileType = sourcecode.swift; path = MembershipCenterView.swift; sourceTree = "<group>"; };
		737416392D0ED72600E6CD23 /* WechatPushViewController.swift */ = {isa = PBXFileReference; lastKnownFileType = sourcecode.swift; path = WechatPushViewController.swift; sourceTree = "<group>"; };
		7374163B2D0EDC3000E6CD23 /* InvoiceListViewController.swift */ = {isa = PBXFileReference; lastKnownFileType = sourcecode.swift; path = InvoiceListViewController.swift; sourceTree = "<group>"; };
		7374163D2D0FC4B300E6CD23 /* InviteFriendViewController.swift */ = {isa = PBXFileReference; lastKnownFileType = sourcecode.swift; path = InviteFriendViewController.swift; sourceTree = "<group>"; };
		737416412D0FD0D000E6CD23 /* InvoiceListView.swift */ = {isa = PBXFileReference; lastKnownFileType = sourcecode.swift; path = InvoiceListView.swift; sourceTree = "<group>"; };
		737416432D0FD74F00E6CD23 /* AddInvoiceViewController.swift */ = {isa = PBXFileReference; lastKnownFileType = sourcecode.swift; path = AddInvoiceViewController.swift; sourceTree = "<group>"; };
		737416452D0FD79C00E6CD23 /* AddInvoiceView.swift */ = {isa = PBXFileReference; lastKnownFileType = sourcecode.swift; path = AddInvoiceView.swift; sourceTree = "<group>"; };
		737416472D0FD94B00E6CD23 /* AddInvoiceViewCell.swift */ = {isa = PBXFileReference; lastKnownFileType = sourcecode.swift; path = AddInvoiceViewCell.swift; sourceTree = "<group>"; };
		7374164D2D100BB200E6CD23 /* SearchInvoiceCell.swift */ = {isa = PBXFileReference; lastKnownFileType = sourcecode.swift; path = SearchInvoiceCell.swift; sourceTree = "<group>"; };
		73A21DDE2D0C01C400FC4C49 /* SettingViewController.swift */ = {isa = PBXFileReference; lastKnownFileType = sourcecode.swift; path = SettingViewController.swift; sourceTree = "<group>"; };
		73A21DE02D0C06E700FC4C49 /* SettingView.swift */ = {isa = PBXFileReference; lastKnownFileType = sourcecode.swift; path = SettingView.swift; sourceTree = "<group>"; };
		73A21DE22D0C1C8000FC4C49 /* AboutUsViewController.swift */ = {isa = PBXFileReference; lastKnownFileType = sourcecode.swift; path = AboutUsViewController.swift; sourceTree = "<group>"; };
		73A21DE92D0C2F2B00FC4C49 /* RiskView.swift */ = {isa = PBXFileReference; lastKnownFileType = sourcecode.swift; path = RiskView.swift; sourceTree = "<group>"; };
		73A21DED2D0C32A600FC4C49 /* DiligenceView.swift */ = {isa = PBXFileReference; lastKnownFileType = sourcecode.swift; path = DiligenceView.swift; sourceTree = "<group>"; };
		73A21DEF2D0C39BF00FC4C49 /* DiligenceListViewController.swift */ = {isa = PBXFileReference; lastKnownFileType = sourcecode.swift; path = DiligenceListViewController.swift; sourceTree = "<group>"; };
		73A21DF12D0C39E000FC4C49 /* RiskListViewController.swift */ = {isa = PBXFileReference; lastKnownFileType = sourcecode.swift; path = RiskListViewController.swift; sourceTree = "<group>"; };
		73A21DF32D0C403000FC4C49 /* AccountManagerViewController.swift */ = {isa = PBXFileReference; lastKnownFileType = sourcecode.swift; path = AccountManagerViewController.swift; sourceTree = "<group>"; };
		73A21DF52D0C422D00FC4C49 /* SettingPasswordViewController.swift */ = {isa = PBXFileReference; lastKnownFileType = sourcecode.swift; path = SettingPasswordViewController.swift; sourceTree = "<group>"; };
		73A21DF72D0C4F7800FC4C49 /* SettingAuthorityViewController.swift */ = {isa = PBXFileReference; lastKnownFileType = sourcecode.swift; path = SettingAuthorityViewController.swift; sourceTree = "<group>"; };
		73BDABA12D1E973200D93691 /* MembershipListViewController.swift */ = {isa = PBXFileReference; lastKnownFileType = sourcecode.swift; path = MembershipListViewController.swift; sourceTree = "<group>"; };
		73BDABA32D1EA73100D93691 /* MembershipListView.swift */ = {isa = PBXFileReference; lastKnownFileType = sourcecode.swift; path = MembershipListView.swift; sourceTree = "<group>"; };
		73C752312D18F44F00C47187 /* FocusPeopleViewController.swift */ = {isa = PBXFileReference; lastKnownFileType = sourcecode.swift; path = FocusPeopleViewController.swift; sourceTree = "<group>"; };
		73C752352D19451400C47187 /* FocusCompanyView.swift */ = {isa = PBXFileReference; lastKnownFileType = sourcecode.swift; path = FocusCompanyView.swift; sourceTree = "<group>"; };
		73C752472D1CF72F00C47187 /* FocusCompanyViewNormalCell.swift */ = {isa = PBXFileReference; lastKnownFileType = sourcecode.swift; path = FocusCompanyViewNormalCell.swift; sourceTree = "<group>"; };
		73C752492D1D2BD200C47187 /* FocusCompanyEditViewCell.swift */ = {isa = PBXFileReference; lastKnownFileType = sourcecode.swift; path = FocusCompanyEditViewCell.swift; sourceTree = "<group>"; };
		73C7524B2D1D555400C47187 /* FocusCompanyPopGroupView.swift */ = {isa = PBXFileReference; lastKnownFileType = sourcecode.swift; path = FocusCompanyPopGroupView.swift; sourceTree = "<group>"; };
		73C7524D2D1D5A3100C47187 /* FocusSearchViewController.swift */ = {isa = PBXFileReference; lastKnownFileType = sourcecode.swift; path = FocusSearchViewController.swift; sourceTree = "<group>"; };
		73C752532D1E4B5800C47187 /* HistoryListViewController.swift */ = {isa = PBXFileReference; lastKnownFileType = sourcecode.swift; path = HistoryListViewController.swift; sourceTree = "<group>"; };
		73C752552D1E4DA000C47187 /* HistoryListView.swift */ = {isa = PBXFileReference; lastKnownFileType = sourcecode.swift; path = HistoryListView.swift; sourceTree = "<group>"; };
		73C752572D1E728500C47187 /* HistoryListViewCell.swift */ = {isa = PBXFileReference; lastKnownFileType = sourcecode.swift; path = HistoryListViewCell.swift; sourceTree = "<group>"; };
		73CFEB912D00570400B2FE1B /* WebPageViewController.swift */ = {isa = PBXFileReference; lastKnownFileType = sourcecode.swift; path = WebPageViewController.swift; sourceTree = "<group>"; };
		73CFEB952D01415C00B2FE1B /* UserCenterView.swift */ = {isa = PBXFileReference; lastKnownFileType = sourcecode.swift; path = UserCenterView.swift; sourceTree = "<group>"; };
		73CFEB972D01887600B2FE1B /* UserCenterItemCell.swift */ = {isa = PBXFileReference; lastKnownFileType = sourcecode.swift; path = UserCenterItemCell.swift; sourceTree = "<group>"; };
		73CFEB992D01955300B2FE1B /* UserAllOrderSController.swift */ = {isa = PBXFileReference; lastKnownFileType = sourcecode.swift; path = UserAllOrderSController.swift; sourceTree = "<group>"; };
		73CFEB9B2D01996900B2FE1B /* UserAllOrderView.swift */ = {isa = PBXFileReference; lastKnownFileType = sourcecode.swift; path = UserAllOrderView.swift; sourceTree = "<group>"; };
		73D50B862D16ACEC00EF081A /* FocusCompanyViewController.swift */ = {isa = PBXFileReference; lastKnownFileType = sourcecode.swift; path = FocusCompanyViewController.swift; sourceTree = "<group>"; };
		73E306D12D154E9D00D18943 /* Launch Screen.storyboard */ = {isa = PBXFileReference; lastKnownFileType = file.storyboard; path = "Launch Screen.storyboard"; sourceTree = "<group>"; };
		73E306D32D15521800D18943 /* 问道云.entitlements */ = {isa = PBXFileReference; lastKnownFileType = text.plist.entitlements; path = "问道云.entitlements"; sourceTree = "<group>"; };
		73E306D42D1552FC00D18943 /* WechatOpenSDK-XCFramework.xcframework */ = {isa = PBXFileReference; lastKnownFileType = wrapper.xcframework; name = "WechatOpenSDK-XCFramework.xcframework"; path = "Pods/WechatOpenSDK-XCFramework/WechatOpenSDK-XCFramework.xcframework"; sourceTree = "<group>"; };
		73E306DE2D156C0800D18943 /* MyQRCodeView.swift */ = {isa = PBXFileReference; lastKnownFileType = sourcecode.swift; path = MyQRCodeView.swift; sourceTree = "<group>"; };
		73E56BE02D1274630015BF34 /* TwoTicketView.swift */ = {isa = PBXFileReference; lastKnownFileType = sourcecode.swift; path = TwoTicketView.swift; sourceTree = "<group>"; };
		73EEE7B62D0BC08500001E22 /* TimeDownView.swift */ = {isa = PBXFileReference; lastKnownFileType = sourcecode.swift; path = TimeDownView.swift; sourceTree = "<group>"; };
		73F604672D116F1A0061D5D3 /* MyTicketViewController.swift */ = {isa = PBXFileReference; lastKnownFileType = sourcecode.swift; path = MyTicketViewController.swift; sourceTree = "<group>"; };
		73F604692D1171280061D5D3 /* MyTicketView.swift */ = {isa = PBXFileReference; lastKnownFileType = sourcecode.swift; path = MyTicketView.swift; sourceTree = "<group>"; };
		73F6046B2D1172AD0061D5D3 /* OneTicketViewController.swift */ = {isa = PBXFileReference; lastKnownFileType = sourcecode.swift; path = OneTicketViewController.swift; sourceTree = "<group>"; };
		73F6046D2D1172B90061D5D3 /* TwoTicketViewController.swift */ = {isa = PBXFileReference; lastKnownFileType = sourcecode.swift; path = TwoTicketViewController.swift; sourceTree = "<group>"; };
		73F6046F2D117F9C0061D5D3 /* OneTicketView.swift */ = {isa = PBXFileReference; lastKnownFileType = sourcecode.swift; path = OneTicketView.swift; sourceTree = "<group>"; };
		845B2366B1013718573E8C55 /* Pods-问道云.debug.xcconfig */ = {isa = PBXFileReference; includeInIndex = 1; lastKnownFileType = text.xcconfig; name = "Pods-问道云.debug.xcconfig"; path = "Target Support Files/Pods-问道云/Pods-问道云.debug.xcconfig"; sourceTree = "<group>"; };
		BF2EE8A0497D8E69CF0E16AE /* Pods-问道云.release.xcconfig */ = {isa = PBXFileReference; includeInIndex = 1; lastKnownFileType = text.xcconfig; name = "Pods-问道云.release.xcconfig"; path = "Target Support Files/Pods-问道云/Pods-问道云.release.xcconfig"; sourceTree = "<group>"; };
/* End PBXFileReference section */

/* Begin PBXFrameworksBuildPhase section */
		7325A77E2CFEE5240043C196 /* Frameworks */ = {
			isa = PBXFrameworksBuildPhase;
			buildActionMask = 2147483647;
			files = (
				736A40D92D223AEB0065FD9D /* StoreKit.framework in Frameworks */,
			);
			runOnlyForDeploymentPostprocessing = 0;
		};
/* End PBXFrameworksBuildPhase section */

/* Begin PBXGroup section */
		1704BF539669D5C8F403B1DD /* Pods */ = {
			isa = PBXGroup;
			children = (
				845B2366B1013718573E8C55 /* Pods-问道云.debug.xcconfig */,
				BF2EE8A0497D8E69CF0E16AE /* Pods-问道云.release.xcconfig */,
			);
			path = Pods;
			sourceTree = "<group>";
		};
		7325A7782CFEE5230043C196 = {
			isa = PBXGroup;
			children = (
				7325A7A22CFEE58D0043C196 /* 问道云 */,
				7325A7822CFEE5240043C196 /* Products */,
				1704BF539669D5C8F403B1DD /* Pods */,
				C61455D1CEA19ADD364A1DEF /* Frameworks */,
				7325A7D62CFF059E0043C196 /* Recovered References */,
			);
			sourceTree = "<group>";
		};
		7325A7822CFEE5240043C196 /* Products */ = {
			isa = PBXGroup;
			children = (
				7325A7812CFEE5240043C196 /* 问道云.app */,
			);
			name = Products;
			sourceTree = "<group>";
		};
		7325A79C2CFEE58D0043C196 /* Main */ = {
			isa = PBXGroup;
			children = (
				7325A79F2CFEE58D0043C196 /* Info.plist */,
				7325A79E2CFEE58D0043C196 /* Assets.xcassets */,
				7325A79D2CFEE58D0043C196 /* AppDelegate.swift */,
				73E306D12D154E9D00D18943 /* Launch Screen.storyboard */,
			);
			path = Main;
			sourceTree = "<group>";
		};
		7325A7A22CFEE58D0043C196 /* 问道云 */ = {
			isa = PBXGroup;
			children = (
				73E306D32D15521800D18943 /* 问道云.entitlements */,
				7325A79C2CFEE58D0043C196 /* Main */,
				7325A7AF2CFEE7D90043C196 /* Config */,
				7325A7AC2CFEE7B20043C196 /* BaseVc */,
				7325A7B02CFEE7E30043C196 /* RequsetManager */,
				73CFEB902D0056DD00B2FE1B /* WebPage */,
				7325A7C92CFEF1F20043C196 /* LoginVc */,
				7325A7A82CFEE6C30043C196 /* HomePage */,
				7325A7AB2CFEE6E20043C196 /* RiskPage */,
				7325A7AA2CFEE6DF0043C196 /* DiligencePage */,
				7325A7A92CFEE6C70043C196 /* CenterPage */,
			);
			path = "问道云";
			sourceTree = "<group>";
		};
		7325A7A82CFEE6C30043C196 /* HomePage */ = {
			isa = PBXGroup;
			children = (
				7325A7BF2CFEEE5F0043C196 /* WDHomeViewController.swift */,
			);
			path = HomePage;
			sourceTree = "<group>";
		};
		7325A7A92CFEE6C70043C196 /* CenterPage */ = {
			isa = PBXGroup;
			children = (
				73CFEB932D01413A00B2FE1B /* View */,
				73CFEB942D01413F00B2FE1B /* Controller */,
			);
			path = CenterPage;
			sourceTree = "<group>";
		};
		7325A7AA2CFEE6DF0043C196 /* DiligencePage */ = {
			isa = PBXGroup;
			children = (
				73A21DEC2D0C329300FC4C49 /* View */,
				73A21DEB2D0C328700FC4C49 /* Controller */,
			);
			path = DiligencePage;
			sourceTree = "<group>";
		};
		7325A7AB2CFEE6E20043C196 /* RiskPage */ = {
			isa = PBXGroup;
			children = (
				73A21DE62D0C2E0B00FC4C49 /* View */,
				73A21DE52D0C2E0800FC4C49 /* Controller */,
			);
			path = RiskPage;
			sourceTree = "<group>";
		};
		7325A7AC2CFEE7B20043C196 /* BaseVc */ = {
			isa = PBXGroup;
			children = (
				7325A7D72CFF075B0043C196 /* BaseView.swift */,
				7325A7B92CFEED0F0043C196 /* WDTabBarController.swift */,
				7325A7B52CFEECDD0043C196 /* WDBaseViewController.swift */,
				7325A7B72CFEECF00043C196 /* WDNavigationController.swift */,
			);
			path = BaseVc;
			sourceTree = "<group>";
		};
		7325A7AF2CFEE7D90043C196 /* Config */ = {
			isa = PBXGroup;
			children = (
				7325A7E72D0008AF0043C196 /* OC */,
				736E976F2D22A258009CC0DF /* ApplePay */,
				7325A7E32CFFF8EE0043C196 /* loading.json */,
				7325A7C72CFEEF780043C196 /* Config.swift */,
				7325A7CE2CFEFA510043C196 /* WDLoginConfig.swift */,
				7330CB812D23E65900778D54 /* ContactManager.swift */,
			);
			path = Config;
			sourceTree = "<group>";
		};
		7325A7B02CFEE7E30043C196 /* RequsetManager */ = {
			isa = PBXGroup;
			children = (
				7325A7CC2CFEFA0B0043C196 /* APIUrl.swift */,
				7325A7D02CFEFBDE0043C196 /* WDYModel.swift */,
				7325A7B32CFEE9520043C196 /* RequestManager.swift */,
			);
			path = RequsetManager;
			sourceTree = "<group>";
		};
		7325A7C92CFEF1F20043C196 /* LoginVc */ = {
			isa = PBXGroup;
			children = (
				7325A7D32CFEFCAA0043C196 /* View */,
				7325A7D22CFEFCA70043C196 /* ViewController */,
			);
			path = LoginVc;
			sourceTree = "<group>";
		};
		7325A7D22CFEFCA70043C196 /* ViewController */ = {
			isa = PBXGroup;
			children = (
				7325A7CA2CFEF2E70043C196 /* WDLoginViewController.swift */,
				7325A7E52D0000040043C196 /* GetCodeViewController.swift */,
				7325A7DD2CFF0E6A0043C196 /* PasswordLoginViewController.swift */,
				7325A7DF2CFF14350043C196 /* ForgetPasswordViewController.swift */,
			);
			path = ViewController;
			sourceTree = "<group>";
		};
		7325A7D32CFEFCAA0043C196 /* View */ = {
			isa = PBXGroup;
			children = (
				7325A7D42CFEFCC40043C196 /* LoginView.swift */,
				7325A7D92CFF0BE10043C196 /* CodeView.swift */,
				7325A7DB2CFF0DBE0043C196 /* PasswordLoginView.swift */,
				7325A7E12CFF14A90043C196 /* ForgetPasswordView.swift */,
			);
			path = View;
			sourceTree = "<group>";
		};
		7325A7D62CFF059E0043C196 /* Recovered References */ = {
			isa = PBXGroup;
			children = (
				7325A7BB2CFEEE060043C196 /* Pods_问道云.framework */,
			);
			name = "Recovered References";
			sourceTree = "<group>";
		};
		7325A7E72D0008AF0043C196 /* OC */ = {
			isa = PBXGroup;
			children = (
				7325A7E82D0008D10043C196 /* WLUnitField.h */,
				7325A7E92D0008D10043C196 /* WLUnitField.m */,
				7325A7EA2D0008D10043C196 /* WLUnitFieldTextPosition.h */,
				7325A7EB2D0008D10043C196 /* WLUnitFieldTextPosition.m */,
				7325A7EC2D0008D10043C196 /* WLUnitFieldTextRange.h */,
				7325A7ED2D0008D10043C196 /* WLUnitFieldTextRange.m */,
				7325A7F12D0008D30043C196 /* 问道云-Bridging-Header.h */,
			);
			path = OC;
			sourceTree = "<group>";
		};
		736E976F2D22A258009CC0DF /* ApplePay */ = {
			isa = PBXGroup;
			children = (
				736E97842D22A792009CC0DF /* ApplePayConfig.swift */,
				736E97792D22A61E009CC0DF /* SKExtensions.swift */,
				736E977A2D22A61E009CC0DF /* SKIAPManager.swift */,
				736E977C2D22A61E009CC0DF /* SKLoadingView.swift */,
				736E97782D22A61E009CC0DF /* DYFStoreReceiptVerifier.swift */,
				736E977B2D22A61E009CC0DF /* SKIndefiniteAnimatedSpinner.swift */,
			);
			path = ApplePay;
			sourceTree = "<group>";
		};
		737416302D0EBBCD00E6CD23 /* OnePart */ = {
			isa = PBXGroup;
			children = (
				73CFEB992D01955300B2FE1B /* UserAllOrderSController.swift */,
				7335F6E52D0AD8620074985F /* MyDownloadViewController.swift */,
				73C7524D2D1D5A3100C47187 /* FocusSearchViewController.swift */,
				7374162C2D0EB87F00E6CD23 /* FocusAllViewController.swift */,
				73D50B862D16ACEC00EF081A /* FocusCompanyViewController.swift */,
				73C752312D18F44F00C47187 /* FocusPeopleViewController.swift */,
				7374162A2D0EB7B900E6CD23 /* BrowsingHistoryViewController.swift */,
				73C752532D1E4B5800C47187 /* HistoryListViewController.swift */,
				737416352D0EC37400E6CD23 /* MembershipCenterViewController.swift */,
				7330CB7D2D23BFF100778D54 /* DonateMembershipViewController.swift */,
				73BDABA12D1E973200D93691 /* MembershipListViewController.swift */,
			);
			path = OnePart;
			sourceTree = "<group>";
		};
		737416312D0EBBEF00E6CD23 /* SetPage */ = {
			isa = PBXGroup;
			children = (
				73A21DDE2D0C01C400FC4C49 /* SettingViewController.swift */,
				73A21DE22D0C1C8000FC4C49 /* AboutUsViewController.swift */,
				73A21DF32D0C403000FC4C49 /* AccountManagerViewController.swift */,
				73A21DF52D0C422D00FC4C49 /* SettingPasswordViewController.swift */,
				73A21DF72D0C4F7800FC4C49 /* SettingAuthorityViewController.swift */,
				73460D102D150DD400EC9408 /* DeleteAccountViewController.swift */,
				73460D122D15162500EC9408 /* DeleteSureViewController.swift */,
			);
			path = SetPage;
			sourceTree = "<group>";
		};
		737416322D0EBC1900E6CD23 /* MorePage */ = {
			isa = PBXGroup;
			children = (
				737416332D0EBCB000E6CD23 /* ContactUsViewController.swift */,
				737416392D0ED72600E6CD23 /* WechatPushViewController.swift */,
				7374163B2D0EDC3000E6CD23 /* InvoiceListViewController.swift */,
				737416432D0FD74F00E6CD23 /* AddInvoiceViewController.swift */,
				7320D2D42D13AB63006FD1F9 /* OpenTicketViewController.swift */,
				73F604672D116F1A0061D5D3 /* MyTicketViewController.swift */,
				73F6046B2D1172AD0061D5D3 /* OneTicketViewController.swift */,
				73F6046D2D1172B90061D5D3 /* TwoTicketViewController.swift */,
				7374163D2D0FC4B300E6CD23 /* InviteFriendViewController.swift */,
			);
			path = MorePage;
			sourceTree = "<group>";
		};
		73A21DE52D0C2E0800FC4C49 /* Controller */ = {
			isa = PBXGroup;
			children = (
				7325A7C12CFEEE6E0043C196 /* WDRiskViewController.swift */,
				73A21DF12D0C39E000FC4C49 /* RiskListViewController.swift */,
			);
			path = Controller;
			sourceTree = "<group>";
		};
		73A21DE62D0C2E0B00FC4C49 /* View */ = {
			isa = PBXGroup;
			children = (
				73A21DE92D0C2F2B00FC4C49 /* RiskView.swift */,
			);
			path = View;
			sourceTree = "<group>";
		};
		73A21DEB2D0C328700FC4C49 /* Controller */ = {
			isa = PBXGroup;
			children = (
				7325A7C32CFEEE8B0043C196 /* WDDiligenceViewController.swift */,
				73A21DEF2D0C39BF00FC4C49 /* DiligenceListViewController.swift */,
			);
			path = Controller;
			sourceTree = "<group>";
		};
		73A21DEC2D0C329300FC4C49 /* View */ = {
			isa = PBXGroup;
			children = (
				73A21DED2D0C32A600FC4C49 /* DiligenceView.swift */,
			);
			path = View;
			sourceTree = "<group>";
		};
		73CFEB902D0056DD00B2FE1B /* WebPage */ = {
			isa = PBXGroup;
			children = (
				73CFEB912D00570400B2FE1B /* WebPageViewController.swift */,
			);
			path = WebPage;
			sourceTree = "<group>";
		};
		73CFEB932D01413A00B2FE1B /* View */ = {
			isa = PBXGroup;
			children = (
				73CFEB952D01415C00B2FE1B /* UserCenterView.swift */,
				73CFEB972D01887600B2FE1B /* UserCenterItemCell.swift */,
				73CFEB9B2D01996900B2FE1B /* UserAllOrderView.swift */,
				7314AD802D01A55900770009 /* OrderListViewCell.swift */,
				7335F6E92D0ADA050074985F /* MyDownloadSearchView.swift */,
				7335F6EB2D0ADA620074985F /* MyDownloadView.swift */,
				7335F6ED2D0AE24E0074985F /* MyDownloadViewNormalCell.swift */,
				7335F6EF2D0AE25D0074985F /* MyDownloadViewEditCell.swift */,
				7335F6F12D0AF0150074985F /* MoreBtnPopView.swift */,
				73EEE7B62D0BC08500001E22 /* TimeDownView.swift */,
				73A21DE02D0C06E700FC4C49 /* SettingView.swift */,
				7374162E2D0EB9E400E6CD23 /* HistoryView.swift */,
				737416372D0EC54500E6CD23 /* MembershipCenterView.swift */,
				737416412D0FD0D000E6CD23 /* InvoiceListView.swift */,
				737416452D0FD79C00E6CD23 /* AddInvoiceView.swift */,
				737416472D0FD94B00E6CD23 /* AddInvoiceViewCell.swift */,
				7374164D2D100BB200E6CD23 /* SearchInvoiceCell.swift */,
				73F604692D1171280061D5D3 /* MyTicketView.swift */,
				73F6046F2D117F9C0061D5D3 /* OneTicketView.swift */,
				73E56BE02D1274630015BF34 /* TwoTicketView.swift */,
				7320D2D62D13C4D3006FD1F9 /* OpenTicketView.swift */,
				73E306DE2D156C0800D18943 /* MyQRCodeView.swift */,
				73C752352D19451400C47187 /* FocusCompanyView.swift */,
				73C752472D1CF72F00C47187 /* FocusCompanyViewNormalCell.swift */,
				73C752492D1D2BD200C47187 /* FocusCompanyEditViewCell.swift */,
				73C7524B2D1D555400C47187 /* FocusCompanyPopGroupView.swift */,
				73C752552D1E4DA000C47187 /* HistoryListView.swift */,
				73C752572D1E728500C47187 /* HistoryListViewCell.swift */,
				73BDABA32D1EA73100D93691 /* MembershipListView.swift */,
				7330CB7F2D23C2A800778D54 /* DonateMembershipView.swift */,
			);
			path = View;
			sourceTree = "<group>";
		};
		73CFEB942D01413F00B2FE1B /* Controller */ = {
			isa = PBXGroup;
			children = (
				7325A7C52CFEEE9A0043C196 /* WDCenterViewController.swift */,
				737416312D0EBBEF00E6CD23 /* SetPage */,
				737416302D0EBBCD00E6CD23 /* OnePart */,
				737416322D0EBC1900E6CD23 /* MorePage */,
			);
			path = Controller;
			sourceTree = "<group>";
		};
		C61455D1CEA19ADD364A1DEF /* Frameworks */ = {
			isa = PBXGroup;
			children = (
				736A40D82D223AEB0065FD9D /* StoreKit.framework */,
				73E306D42D1552FC00D18943 /* WechatOpenSDK-XCFramework.xcframework */,
				73460D1A2D154CCB00EC9408 /* WebKit.framework */,
				73460D182D154CC100EC9408 /* Security.framework */,
				73460D162D154CB900EC9408 /* CoreGraphics.framework */,
				73460D142D154C6900EC9408 /* WechatOpenSDK.framework */,
				68995903FB3663C128436F79 /* Pods____.framework */,
			);
			name = Frameworks;
			sourceTree = "<group>";
		};
/* End PBXGroup section */

/* Begin PBXNativeTarget section */
		7325A7802CFEE5240043C196 /* 问道云 */ = {
			isa = PBXNativeTarget;
			buildConfigurationList = 7325A7942CFEE5250043C196 /* Build configuration list for PBXNativeTarget "问道云" */;
			buildPhases = (
				DD2821E764D8BC316599F4C2 /* [CP] Check Pods Manifest.lock */,
				7325A77D2CFEE5240043C196 /* Sources */,
				7325A77E2CFEE5240043C196 /* Frameworks */,
				7325A77F2CFEE5240043C196 /* Resources */,
				2A9988620076DD649A48B438 /* [CP] Embed Pods Frameworks */,
				7325A7BE2CFEEE060043C196 /* Embed Frameworks */,
			);
			buildRules = (
			);
			dependencies = (
			);
			name = "问道云";
			productName = "问道云";
			productReference = 7325A7812CFEE5240043C196 /* 问道云.app */;
			productType = "com.apple.product-type.application";
		};
/* End PBXNativeTarget section */

/* Begin PBXProject section */
		7325A7792CFEE5230043C196 /* Project object */ = {
			isa = PBXProject;
			attributes = {
				BuildIndependentTargetsInParallel = 1;
				LastSwiftUpdateCheck = 1610;
				LastUpgradeCheck = 1610;
				TargetAttributes = {
					7325A7802CFEE5240043C196 = {
						CreatedOnToolsVersion = 16.1;
						LastSwiftMigration = 1610;
					};
				};
			};
			buildConfigurationList = 7325A77C2CFEE5230043C196 /* Build configuration list for PBXProject "问道云" */;
			developmentRegion = "zh-Hans";
			hasScannedForEncodings = 0;
			knownRegions = (
				"zh-Hans",
				Base,
			);
			mainGroup = 7325A7782CFEE5230043C196;
			minimizedProjectReferenceProxies = 1;
			preferredProjectObjectVersion = 77;
			productRefGroup = 7325A7822CFEE5240043C196 /* Products */;
			projectDirPath = "";
			projectRoot = "";
			targets = (
				7325A7802CFEE5240043C196 /* 问道云 */,
			);
		};
/* End PBXProject section */

/* Begin PBXResourcesBuildPhase section */
		7325A77F2CFEE5240043C196 /* Resources */ = {
			isa = PBXResourcesBuildPhase;
			buildActionMask = 2147483647;
			files = (
				73E306D22D154E9E00D18943 /* Launch Screen.storyboard in Resources */,
				7325A7A42CFEE58D0043C196 /* Assets.xcassets in Resources */,
				7325A7E42CFFF8EE0043C196 /* loading.json in Resources */,
			);
			runOnlyForDeploymentPostprocessing = 0;
		};
/* End PBXResourcesBuildPhase section */

/* Begin PBXShellScriptBuildPhase section */
		2A9988620076DD649A48B438 /* [CP] Embed Pods Frameworks */ = {
			isa = PBXShellScriptBuildPhase;
			buildActionMask = 2147483647;
			files = (
			);
			inputFileListPaths = (
				"${PODS_ROOT}/Target Support Files/Pods-问道云/Pods-问道云-frameworks-${CONFIGURATION}-input-files.xcfilelist",
			);
			name = "[CP] Embed Pods Frameworks";
			outputFileListPaths = (
				"${PODS_ROOT}/Target Support Files/Pods-问道云/Pods-问道云-frameworks-${CONFIGURATION}-output-files.xcfilelist",
			);
			runOnlyForDeploymentPostprocessing = 0;
			shellPath = /bin/sh;
			shellScript = "\"${PODS_ROOT}/Target Support Files/Pods-问道云/Pods-问道云-frameworks.sh\"\n";
			showEnvVarsInLog = 0;
		};
		DD2821E764D8BC316599F4C2 /* [CP] Check Pods Manifest.lock */ = {
			isa = PBXShellScriptBuildPhase;
			buildActionMask = 2147483647;
			files = (
			);
			inputFileListPaths = (
			);
			inputPaths = (
				"${PODS_PODFILE_DIR_PATH}/Podfile.lock",
				"${PODS_ROOT}/Manifest.lock",
			);
			name = "[CP] Check Pods Manifest.lock";
			outputFileListPaths = (
			);
			outputPaths = (
				"$(DERIVED_FILE_DIR)/Pods-问道云-checkManifestLockResult.txt",
			);
			runOnlyForDeploymentPostprocessing = 0;
			shellPath = /bin/sh;
			shellScript = "diff \"${PODS_PODFILE_DIR_PATH}/Podfile.lock\" \"${PODS_ROOT}/Manifest.lock\" > /dev/null\nif [ $? != 0 ] ; then\n    # print error to STDERR\n    echo \"error: The sandbox is not in sync with the Podfile.lock. Run 'pod install' or update your CocoaPods installation.\" >&2\n    exit 1\nfi\n# This output is used by Xcode 'outputs' to avoid re-running this script phase.\necho \"SUCCESS\" > \"${SCRIPT_OUTPUT_FILE_0}\"\n";
			showEnvVarsInLog = 0;
		};
/* End PBXShellScriptBuildPhase section */

/* Begin PBXSourcesBuildPhase section */
		7325A77D2CFEE5240043C196 /* Sources */ = {
			isa = PBXSourcesBuildPhase;
			buildActionMask = 2147483647;
			files = (
				7325A7E62D0000040043C196 /* GetCodeViewController.swift in Sources */,
				7330CB7E2D23BFF100778D54 /* DonateMembershipViewController.swift in Sources */,
				7325A7D12CFEFBE60043C196 /* WDYModel.swift in Sources */,
				7325A7EE2D0008D10043C196 /* WLUnitFieldTextPosition.m in Sources */,
				7325A7EF2D0008D10043C196 /* WLUnitFieldTextRange.m in Sources */,
				73A21DE32D0C1C8000FC4C49 /* AboutUsViewController.swift in Sources */,
				73A21DF22D0C39E000FC4C49 /* RiskListViewController.swift in Sources */,
				7325A7F02D0008D10043C196 /* WLUnitField.m in Sources */,
				7374162D2D0EB87F00E6CD23 /* FocusAllViewController.swift in Sources */,
				73C752542D1E4B5800C47187 /* HistoryListViewController.swift in Sources */,
				73C752322D18F44F00C47187 /* FocusPeopleViewController.swift in Sources */,
				7325A7C42CFEEE8B0043C196 /* WDDiligenceViewController.swift in Sources */,
				73CFEB922D00570400B2FE1B /* WebPageViewController.swift in Sources */,
				7374164E2D100BB200E6CD23 /* SearchInvoiceCell.swift in Sources */,
				73A21DE12D0C06E700FC4C49 /* SettingView.swift in Sources */,
				7325A7E02CFF14350043C196 /* ForgetPasswordViewController.swift in Sources */,
				7314AD812D01A55900770009 /* OrderListViewCell.swift in Sources */,
				73C7524E2D1D5A3100C47187 /* FocusSearchViewController.swift in Sources */,
				73EEE7B72D0BC08500001E22 /* TimeDownView.swift in Sources */,
				73CFEB9C2D01996900B2FE1B /* UserAllOrderView.swift in Sources */,
				736E977F2D22A61E009CC0DF /* DYFStoreReceiptVerifier.swift in Sources */,
				736E97802D22A61E009CC0DF /* SKExtensions.swift in Sources */,
				736E97812D22A61E009CC0DF /* SKIndefiniteAnimatedSpinner.swift in Sources */,
				736E97822D22A61E009CC0DF /* SKLoadingView.swift in Sources */,
				736E97832D22A61E009CC0DF /* SKIAPManager.swift in Sources */,
				73F6046E2D1172B90061D5D3 /* TwoTicketViewController.swift in Sources */,
				7325A7C02CFEEE5F0043C196 /* WDHomeViewController.swift in Sources */,
				737416482D0FD94B00E6CD23 /* AddInvoiceViewCell.swift in Sources */,
				73F604702D117F9C0061D5D3 /* OneTicketView.swift in Sources */,
				7325A7D52CFEFCC40043C196 /* LoginView.swift in Sources */,
				73C752582D1E728500C47187 /* HistoryListViewCell.swift in Sources */,
				7374162F2D0EB9E400E6CD23 /* HistoryView.swift in Sources */,
				73A21DEA2D0C2F2B00FC4C49 /* RiskView.swift in Sources */,
				7335F6EA2D0ADA050074985F /* MyDownloadSearchView.swift in Sources */,
				73A21DEE2D0C32A600FC4C49 /* DiligenceView.swift in Sources */,
				7325A7C22CFEEE6E0043C196 /* WDRiskViewController.swift in Sources */,
				73C752482D1CF72F00C47187 /* FocusCompanyViewNormalCell.swift in Sources */,
				7335F6E62D0AD8620074985F /* MyDownloadViewController.swift in Sources */,
				737416362D0EC37400E6CD23 /* MembershipCenterViewController.swift in Sources */,
				73E306DF2D156C0800D18943 /* MyQRCodeView.swift in Sources */,
				7335F6EE2D0AE24E0074985F /* MyDownloadViewNormalCell.swift in Sources */,
				73460D112D150DD400EC9408 /* DeleteAccountViewController.swift in Sources */,
				7335F6F02D0AE25D0074985F /* MyDownloadViewEditCell.swift in Sources */,
				7325A7B62CFEECDD0043C196 /* WDBaseViewController.swift in Sources */,
				737416422D0FD0D000E6CD23 /* InvoiceListView.swift in Sources */,
				7325A7BA2CFEED0F0043C196 /* WDTabBarController.swift in Sources */,
				73C752562D1E4DA000C47187 /* HistoryListView.swift in Sources */,
				7325A7CF2CFEFA510043C196 /* WDLoginConfig.swift in Sources */,
				73BDABA42D1EA73100D93691 /* MembershipListView.swift in Sources */,
				73F604682D116F1A0061D5D3 /* MyTicketViewController.swift in Sources */,
				7325A7A32CFEE58D0043C196 /* AppDelegate.swift in Sources */,
				73BDABA22D1E973200D93691 /* MembershipListViewController.swift in Sources */,
				7325A7E22CFF14A90043C196 /* ForgetPasswordView.swift in Sources */,
				7374163C2D0EDC3000E6CD23 /* InvoiceListViewController.swift in Sources */,
				7374162B2D0EB7B900E6CD23 /* BrowsingHistoryViewController.swift in Sources */,
				73C7524A2D1D2BD200C47187 /* FocusCompanyEditViewCell.swift in Sources */,
				737416442D0FD74F00E6CD23 /* AddInvoiceViewController.swift in Sources */,
				7325A7DC2CFF0DBE0043C196 /* PasswordLoginView.swift in Sources */,
				73CFEB962D01415C00B2FE1B /* UserCenterView.swift in Sources */,
				73A21DF62D0C422D00FC4C49 /* SettingPasswordViewController.swift in Sources */,
				7325A7B82CFEECF00043C196 /* WDNavigationController.swift in Sources */,
				73F6046A2D1171280061D5D3 /* MyTicketView.swift in Sources */,
				7325A7CB2CFEF2E70043C196 /* WDLoginViewController.swift in Sources */,
				7335F6F22D0AF0170074985F /* MoreBtnPopView.swift in Sources */,
				7325A7CD2CFEFA130043C196 /* APIUrl.swift in Sources */,
				7325A7DE2CFF0E6A0043C196 /* PasswordLoginViewController.swift in Sources */,
				73E56BE12D1274630015BF34 /* TwoTicketView.swift in Sources */,
				737416382D0EC54500E6CD23 /* MembershipCenterView.swift in Sources */,
				7374163E2D0FC4B300E6CD23 /* InviteFriendViewController.swift in Sources */,
				737416342D0EBCB000E6CD23 /* ContactUsViewController.swift in Sources */,
				73CFEB982D01887600B2FE1B /* UserCenterItemCell.swift in Sources */,
				7320D2D52D13AB63006FD1F9 /* OpenTicketViewController.swift in Sources */,
				7330CB822D23E65900778D54 /* ContactManager.swift in Sources */,
				73A21DF42D0C403000FC4C49 /* AccountManagerViewController.swift in Sources */,
				73A21DF02D0C39BF00FC4C49 /* DiligenceListViewController.swift in Sources */,
				73C7524C2D1D555400C47187 /* FocusCompanyPopGroupView.swift in Sources */,
				73D50B872D16ACEC00EF081A /* FocusCompanyViewController.swift in Sources */,
				73460D132D15162500EC9408 /* DeleteSureViewController.swift in Sources */,
				7335F6EC2D0ADA620074985F /* MyDownloadView.swift in Sources */,
				73C752362D19451400C47187 /* FocusCompanyView.swift in Sources */,
				7325A7DA2CFF0BE10043C196 /* CodeView.swift in Sources */,
				7325A7C82CFEEF7B0043C196 /* Config.swift in Sources */,
				736E97852D22A7A0009CC0DF /* ApplePayConfig.swift in Sources */,
				73A21DF82D0C4F7800FC4C49 /* SettingAuthorityViewController.swift in Sources */,
				7325A7C62CFEEE9A0043C196 /* WDCenterViewController.swift in Sources */,
				73A21DDF2D0C01C400FC4C49 /* SettingViewController.swift in Sources */,
				7325A7B42CFEE9520043C196 /* RequestManager.swift in Sources */,
				7374163A2D0ED72600E6CD23 /* WechatPushViewController.swift in Sources */,
				7330CB802D23C2A800778D54 /* DonateMembershipView.swift in Sources */,
				737416462D0FD79C00E6CD23 /* AddInvoiceView.swift in Sources */,
				7325A7D82CFF075B0043C196 /* BaseView.swift in Sources */,
				73F6046C2D1172AD0061D5D3 /* OneTicketViewController.swift in Sources */,
				7320D2D72D13C4D3006FD1F9 /* OpenTicketView.swift in Sources */,
				73CFEB9A2D01955300B2FE1B /* UserAllOrderSController.swift in Sources */,
			);
			runOnlyForDeploymentPostprocessing = 0;
		};
/* End PBXSourcesBuildPhase section */

/* Begin XCBuildConfiguration section */
		7325A7952CFEE5250043C196 /* Debug */ = {
			isa = XCBuildConfiguration;
			baseConfigurationReference = 845B2366B1013718573E8C55 /* Pods-问道云.debug.xcconfig */;
			buildSettings = {
				ASSETCATALOG_COMPILER_APPICON_NAME = AppIcon;
				ASSETCATALOG_COMPILER_GLOBAL_ACCENT_COLOR_NAME = AccentColor;
				CLANG_ENABLE_MODULES = YES;
				CODE_SIGN_ENTITLEMENTS = "问道云/问道云.entitlements";
				CODE_SIGN_IDENTITY = "Apple Development";
				CODE_SIGN_STYLE = Automatic;
				CURRENT_PROJECT_VERSION = 1;
				DEVELOPMENT_TEAM = XS8842FK7N;
				ENABLE_USER_SCRIPT_SANDBOXING = NO;
				GENERATE_INFOPLIST_FILE = YES;
				INFOPLIST_FILE = "问道云/Info.plist";
				INFOPLIST_KEY_CFBundleDisplayName = "问道云";
				INFOPLIST_KEY_NSContactsUsageDescription = "我们需要访问您的通讯录，以便您可以在应用中方便地选择联系人进行分享。";
				INFOPLIST_KEY_UIApplicationSupportsIndirectInputEvents = YES;
				INFOPLIST_KEY_UILaunchStoryboardName = "Launch Screen.storyboard";
				INFOPLIST_KEY_UISupportedInterfaceOrientations = UIInterfaceOrientationPortrait;
				INFOPLIST_KEY_UISupportedInterfaceOrientations_iPad = "UIInterfaceOrientationLandscapeLeft UIInterfaceOrientationLandscapeRight UIInterfaceOrientationPortrait UIInterfaceOrientationPortraitUpsideDown";
				INFOPLIST_KEY_UIUserInterfaceStyle = Light;
				IPHONEOS_DEPLOYMENT_TARGET = 14.0;
				LD_RUNPATH_SEARCH_PATHS = (
					"$(inherited)",
					"@executable_path/Frameworks",
				);
				MARKETING_VERSION = 1.0.0;
				PRODUCT_BUNDLE_IDENTIFIER = com.wentao.ald;
				PRODUCT_NAME = "$(TARGET_NAME)";
				PROVISIONING_PROFILE_SPECIFIER = "";
				SUPPORTED_PLATFORMS = "iphoneos iphonesimulator";
				SUPPORTS_MACCATALYST = NO;
				SUPPORTS_MAC_DESIGNED_FOR_IPHONE_IPAD = NO;
				SUPPORTS_XR_DESIGNED_FOR_IPHONE_IPAD = NO;
				SWIFT_EMIT_LOC_STRINGS = YES;
				SWIFT_OBJC_BRIDGING_HEADER = "问道云/Config/OC/问道云-Bridging-Header.h";
				SWIFT_OPTIMIZATION_LEVEL = "-Onone";
				SWIFT_VERSION = 5.0;
				TARGETED_DEVICE_FAMILY = 1;
			};
			name = Debug;
		};
		7325A7962CFEE5250043C196 /* Release */ = {
			isa = XCBuildConfiguration;
			baseConfigurationReference = BF2EE8A0497D8E69CF0E16AE /* Pods-问道云.release.xcconfig */;
			buildSettings = {
				ASSETCATALOG_COMPILER_APPICON_NAME = AppIcon;
				ASSETCATALOG_COMPILER_GLOBAL_ACCENT_COLOR_NAME = AccentColor;
				CLANG_ENABLE_MODULES = YES;
				CODE_SIGN_ENTITLEMENTS = "问道云/问道云.entitlements";
				CODE_SIGN_IDENTITY = "Apple Development";
				CODE_SIGN_STYLE = Automatic;
				CURRENT_PROJECT_VERSION = 1;
				DEVELOPMENT_TEAM = XS8842FK7N;
				ENABLE_USER_SCRIPT_SANDBOXING = NO;
				GENERATE_INFOPLIST_FILE = YES;
				INFOPLIST_FILE = "问道云/Info.plist";
				INFOPLIST_KEY_CFBundleDisplayName = "问道云";
				INFOPLIST_KEY_NSContactsUsageDescription = "我们需要访问您的通讯录，以便您可以在应用中方便地选择联系人进行分享。";
				INFOPLIST_KEY_UIApplicationSupportsIndirectInputEvents = YES;
				INFOPLIST_KEY_UILaunchStoryboardName = "Launch Screen.storyboard";
				INFOPLIST_KEY_UISupportedInterfaceOrientations = UIInterfaceOrientationPortrait;
				INFOPLIST_KEY_UISupportedInterfaceOrientations_iPad = "UIInterfaceOrientationLandscapeLeft UIInterfaceOrientationLandscapeRight UIInterfaceOrientationPortrait UIInterfaceOrientationPortraitUpsideDown";
				INFOPLIST_KEY_UIUserInterfaceStyle = Light;
				IPHONEOS_DEPLOYMENT_TARGET = 14.0;
				LD_RUNPATH_SEARCH_PATHS = (
					"$(inherited)",
					"@executable_path/Frameworks",
				);
				MARKETING_VERSION = 1.0.0;
				PRODUCT_BUNDLE_IDENTIFIER = com.wentao.ald;
				PRODUCT_NAME = "$(TARGET_NAME)";
				PROVISIONING_PROFILE_SPECIFIER = "";
				SUPPORTED_PLATFORMS = "iphoneos iphonesimulator";
				SUPPORTS_MACCATALYST = NO;
				SUPPORTS_MAC_DESIGNED_FOR_IPHONE_IPAD = NO;
				SUPPORTS_XR_DESIGNED_FOR_IPHONE_IPAD = NO;
				SWIFT_EMIT_LOC_STRINGS = YES;
				SWIFT_OBJC_BRIDGING_HEADER = "问道云/Config/OC/问道云-Bridging-Header.h";
				SWIFT_VERSION = 5.0;
				TARGETED_DEVICE_FAMILY = 1;
			};
			name = Release;
		};
		7325A7972CFEE5250043C196 /* Debug */ = {
			isa = XCBuildConfiguration;
			buildSettings = {
				ALWAYS_SEARCH_USER_PATHS = NO;
				ASSETCATALOG_COMPILER_GENERATE_SWIFT_ASSET_SYMBOL_EXTENSIONS = YES;
				CLANG_ANALYZER_LOCALIZABILITY_NONLOCALIZED = YES;
				CLANG_ANALYZER_NONNULL = YES;
				CLANG_ANALYZER_NUMBER_OBJECT_CONVERSION = YES_AGGRESSIVE;
				CLANG_CXX_LANGUAGE_STANDARD = "gnu++20";
				CLANG_ENABLE_MODULES = YES;
				CLANG_ENABLE_OBJC_ARC = YES;
				CLANG_ENABLE_OBJC_WEAK = YES;
				CLANG_WARN_BLOCK_CAPTURE_AUTORELEASING = YES;
				CLANG_WARN_BOOL_CONVERSION = YES;
				CLANG_WARN_COMMA = YES;
				CLANG_WARN_CONSTANT_CONVERSION = YES;
				CLANG_WARN_DEPRECATED_OBJC_IMPLEMENTATIONS = YES;
				CLANG_WARN_DIRECT_OBJC_ISA_USAGE = YES_ERROR;
				CLANG_WARN_DOCUMENTATION_COMMENTS = YES;
				CLANG_WARN_EMPTY_BODY = YES;
				CLANG_WARN_ENUM_CONVERSION = YES;
				CLANG_WARN_INFINITE_RECURSION = YES;
				CLANG_WARN_INT_CONVERSION = YES;
				CLANG_WARN_NON_LITERAL_NULL_CONVERSION = YES;
				CLANG_WARN_OBJC_IMPLICIT_RETAIN_SELF = YES;
				CLANG_WARN_OBJC_LITERAL_CONVERSION = YES;
				CLANG_WARN_OBJC_ROOT_CLASS = YES_ERROR;
				CLANG_WARN_QUOTED_INCLUDE_IN_FRAMEWORK_HEADER = YES;
				CLANG_WARN_RANGE_LOOP_ANALYSIS = YES;
				CLANG_WARN_STRICT_PROTOTYPES = YES;
				CLANG_WARN_SUSPICIOUS_MOVE = YES;
				CLANG_WARN_UNGUARDED_AVAILABILITY = YES_AGGRESSIVE;
				CLANG_WARN_UNREACHABLE_CODE = YES;
				CLANG_WARN__DUPLICATE_METHOD_MATCH = YES;
				COPY_PHASE_STRIP = NO;
				DEBUG_INFORMATION_FORMAT = dwarf;
				ENABLE_STRICT_OBJC_MSGSEND = YES;
				ENABLE_TESTABILITY = YES;
				ENABLE_USER_SCRIPT_SANDBOXING = YES;
				GCC_C_LANGUAGE_STANDARD = gnu17;
				GCC_DYNAMIC_NO_PIC = NO;
				GCC_NO_COMMON_BLOCKS = YES;
				GCC_OPTIMIZATION_LEVEL = 0;
				GCC_PREPROCESSOR_DEFINITIONS = (
					"DEBUG=1",
					"$(inherited)",
				);
				GCC_WARN_64_TO_32_BIT_CONVERSION = YES;
				GCC_WARN_ABOUT_RETURN_TYPE = YES_ERROR;
				GCC_WARN_UNDECLARED_SELECTOR = YES;
				GCC_WARN_UNINITIALIZED_AUTOS = YES_AGGRESSIVE;
				GCC_WARN_UNUSED_FUNCTION = YES;
				GCC_WARN_UNUSED_VARIABLE = YES;
				IPHONEOS_DEPLOYMENT_TARGET = 18.1;
				LOCALIZATION_PREFERS_STRING_CATALOGS = YES;
				MTL_ENABLE_DEBUG_INFO = INCLUDE_SOURCE;
				MTL_FAST_MATH = YES;
				ONLY_ACTIVE_ARCH = YES;
				SDKROOT = iphoneos;
				SWIFT_ACTIVE_COMPILATION_CONDITIONS = "DEBUG $(inherited)";
				SWIFT_OPTIMIZATION_LEVEL = "-Onone";
			};
			name = Debug;
		};
		7325A7982CFEE5250043C196 /* Release */ = {
			isa = XCBuildConfiguration;
			buildSettings = {
				ALWAYS_SEARCH_USER_PATHS = NO;
				ASSETCATALOG_COMPILER_GENERATE_SWIFT_ASSET_SYMBOL_EXTENSIONS = YES;
				CLANG_ANALYZER_LOCALIZABILITY_NONLOCALIZED = YES;
				CLANG_ANALYZER_NONNULL = YES;
				CLANG_ANALYZER_NUMBER_OBJECT_CONVERSION = YES_AGGRESSIVE;
				CLANG_CXX_LANGUAGE_STANDARD = "gnu++20";
				CLANG_ENABLE_MODULES = YES;
				CLANG_ENABLE_OBJC_ARC = YES;
				CLANG_ENABLE_OBJC_WEAK = YES;
				CLANG_WARN_BLOCK_CAPTURE_AUTORELEASING = YES;
				CLANG_WARN_BOOL_CONVERSION = YES;
				CLANG_WARN_COMMA = YES;
				CLANG_WARN_CONSTANT_CONVERSION = YES;
				CLANG_WARN_DEPRECATED_OBJC_IMPLEMENTATIONS = YES;
				CLANG_WARN_DIRECT_OBJC_ISA_USAGE = YES_ERROR;
				CLANG_WARN_DOCUMENTATION_COMMENTS = YES;
				CLANG_WARN_EMPTY_BODY = YES;
				CLANG_WARN_ENUM_CONVERSION = YES;
				CLANG_WARN_INFINITE_RECURSION = YES;
				CLANG_WARN_INT_CONVERSION = YES;
				CLANG_WARN_NON_LITERAL_NULL_CONVERSION = YES;
				CLANG_WARN_OBJC_IMPLICIT_RETAIN_SELF = YES;
				CLANG_WARN_OBJC_LITERAL_CONVERSION = YES;
				CLANG_WARN_OBJC_ROOT_CLASS = YES_ERROR;
				CLANG_WARN_QUOTED_INCLUDE_IN_FRAMEWORK_HEADER = YES;
				CLANG_WARN_RANGE_LOOP_ANALYSIS = YES;
				CLANG_WARN_STRICT_PROTOTYPES = YES;
				CLANG_WARN_SUSPICIOUS_MOVE = YES;
				CLANG_WARN_UNGUARDED_AVAILABILITY = YES_AGGRESSIVE;
				CLANG_WARN_UNREACHABLE_CODE = YES;
				CLANG_WARN__DUPLICATE_METHOD_MATCH = YES;
				COPY_PHASE_STRIP = NO;
				DEBUG_INFORMATION_FORMAT = "dwarf-with-dsym";
				ENABLE_NS_ASSERTIONS = NO;
				ENABLE_STRICT_OBJC_MSGSEND = YES;
				ENABLE_USER_SCRIPT_SANDBOXING = YES;
				GCC_C_LANGUAGE_STANDARD = gnu17;
				GCC_NO_COMMON_BLOCKS = YES;
				GCC_WARN_64_TO_32_BIT_CONVERSION = YES;
				GCC_WARN_ABOUT_RETURN_TYPE = YES_ERROR;
				GCC_WARN_UNDECLARED_SELECTOR = YES;
				GCC_WARN_UNINITIALIZED_AUTOS = YES_AGGRESSIVE;
				GCC_WARN_UNUSED_FUNCTION = YES;
				GCC_WARN_UNUSED_VARIABLE = YES;
				IPHONEOS_DEPLOYMENT_TARGET = 18.1;
				LOCALIZATION_PREFERS_STRING_CATALOGS = YES;
				MTL_ENABLE_DEBUG_INFO = NO;
				MTL_FAST_MATH = YES;
				SDKROOT = iphoneos;
				SWIFT_COMPILATION_MODE = wholemodule;
				VALIDATE_PRODUCT = YES;
			};
			name = Release;
		};
/* End XCBuildConfiguration section */

/* Begin XCConfigurationList section */
		7325A77C2CFEE5230043C196 /* Build configuration list for PBXProject "问道云" */ = {
			isa = XCConfigurationList;
			buildConfigurations = (
				7325A7972CFEE5250043C196 /* Debug */,
				7325A7982CFEE5250043C196 /* Release */,
			);
			defaultConfigurationIsVisible = 0;
			defaultConfigurationName = Release;
		};
		7325A7942CFEE5250043C196 /* Build configuration list for PBXNativeTarget "问道云" */ = {
			isa = XCConfigurationList;
			buildConfigurations = (
				7325A7952CFEE5250043C196 /* Debug */,
				7325A7962CFEE5250043C196 /* Release */,
			);
			defaultConfigurationIsVisible = 0;
			defaultConfigurationName = Release;
		};
/* End XCConfigurationList section */
	};
	rootObject = 7325A7792CFEE5230043C196 /* Project object */;
}
